{"filter":false,"title":"Gemfile.lock","tooltip":"/UPCbookstore/Gemfile.lock","undoManager":{"mark":0,"position":-1,"stack":[]},"ace":{"folds":[],"scrolltop":0,"scrollleft":0,"selection":{"start":{"row":6,"column":21},"end":{"row":6,"column":21},"isBackwards":false},"options":{"guessTabSize":true,"useWrapMode":false,"wrapToView":true},"firstLineState":0},"timestamp":1422663068546,"hash":"6672f3e33952dc6129aaac1f36902e05b0d6f0e7"}